
Microsoft Visual Studio Solution File, Format Version 12.00
# Visual Studio Version 17
VisualStudioVersion = 17.1.32328.378
MinimumVisualStudioVersion = 10.0.40219.1
Project("{FAE04EC0-301F-11D3-BF4B-00C04F79EFBC}") = "OpenGameArtOrgClient", "OpenGameArtOrgClient\OpenGameArtOrgClient.csproj", "{43A549EE-BACD-4F0B-8A9D-E50EF27BA27E}"
EndProject
Project("{FAE04EC0-301F-11D3-BF4B-00C04F79EFBC}") = "OpenGameArtOrgData", "OpenGameArtOrgData\OpenGameArtOrgData.csproj", "{173AFE06-B454-46F1-B840-B22294573746}"
EndProject
Global
	GlobalSection(SolutionConfigurationPlatforms) = preSolution
		Debug|Any CPU = Debug|Any CPU
		Release|Any CPU = Release|Any CPU
	EndGlobalSection
	GlobalSection(ProjectConfigurationPlatforms) = postSolution
		{43A549EE-BACD-4F0B-8A9D-E50EF27BA27E}.Debug|Any CPU.ActiveCfg = Debug|Any CPU
		{43A549EE-BACD-4F0B-8A9D-E50EF27BA27E}.Debug|Any CPU.Build.0 = Debug|Any CPU
		{43A549EE-BACD-4F0B-8A9D-E50EF27BA27E}.Release|Any CPU.ActiveCfg = Release|Any CPU
		{43A549EE-BACD-4F0B-8A9D-E50EF27BA27E}.Release|Any CPU.Build.0 = Release|Any CPU
		{173AFE06-B454-46F1-B840-B22294573746}.Debug|Any CPU.ActiveCfg = Debug|Any CPU
		{173AFE06-B454-46F1-B840-B22294573746}.Debug|Any CPU.Build.0 = Debug|Any CPU
		{173AFE06-B454-46F1-B840-B22294573746}.Release|Any CPU.ActiveCfg = Release|Any CPU
		{173AFE06-B454-46F1-B840-B22294573746}.Release|Any CPU.Build.0 = Release|Any CPU
	EndGlobalSection
	GlobalSection(SolutionProperties) = preSolution
		HideSolutionNode = FALSE
	EndGlobalSection
	GlobalSection(ExtensibilityGlobals) = postSolution
		SolutionGuid = {DCF093F4-63A7-44F1-89FE-F1AF5729B3A5}
	EndGlobalSection
EndGlobal
